github.com/NoSkillGirl/user-service v0.0.0-20191225164026-a3ecc0985c02 h1:M04fWu5VWN4QismjlzppdX9ZIPqCXmsDtMXAtkhncHA=
github.com/NoSkillGirl/user-service v0.0.0-20191225164026-a3ecc0985c02/go.mod h1:r4F3hkuOBbinIeaYwPhsviiaM293Xiq4hp9gTv1ktII=
github.com/NoSkillGirl/user-service v0.0.0-20191225165733-60014f212932 h1:EvK4oitRtVvg3hA66C9ejGomhRc5Si4UGpI4oINoC7M=
github.com/NoSkillGirl/user-service v0.0.0-20191225165733-60014f212932/go.mod h1:r4F3hkuOBbinIeaYwPhsviiaM293Xiq4hp9gTv1ktII=
github.com/NoSkillGirl/user-service v0.0.0-20191226082838-cb1a7a39f726 h1:B7jwF/oZSBkC8GO2T/X2bvokODgHhGuFApO6tBqPywE=
github.com/NoSkillGirl/user-service v0.0.0-20191226090530-8dd1974eec3b h1:zdC+ls88X6SNYc2x5Dcyc1UY7YoYBUiWhmjr3PMUDcI=
github.com/NoSkillGirl/user-service v0.0.0-20191226090530-8dd1974eec3b/go.mod h1:r4F3hkuOBbinIeaYwPhsviiaM293Xiq4hp9gTv1ktII=
github.com/NoSkillGirl/user-service v0.0.0-20191226104918-bd3535699e8c h1:cp6UYvwK0x9NJG2d71QyjttE1+M0fd0tXohi8BFsBIs=
github.com/NoSkillGirl/user-service v0.0.0-20191226104918-bd3535699e8c/go.mod h1:r4F3hkuOBbinIeaYwPhsviiaM293Xiq4hp9gTv1ktII=
github.com/NoSkillGirl/user-service v0.0.0-20191226120748-486011cd42a5 h1:eQ5gevNAmQK1oFOmjva9+iVlM1w1f4S+4oNXm7zC2K4=
github.com/NoSkillGirl/user-service v0.0.0-20191226120748-486011cd42a5/go.mod h1:r4F3hkuOBbinIeaYwPhsviiaM293Xiq4hp9gTv1ktII=
github.com/NoSkillGirl/user-service v0.0.0-20191227110512-8133bd9e16d3 h1:V0naZxlxiGyslLHnMQteLLOxtyYA6deRANYdTUuNkLE=
github.com/NoSkillGirl/user-service v0.0.0-20191227110512-8133bd9e16d3/go.mod h1:r4F3hkuOBbinIeaYwPhsviiaM293Xiq4hp9gTv1ktII=
github.com/NoSkillGirl/user-service v0.0.0-20191227114112-f5a12f983bab h1:xVlTWmm9SM6mYRrMDkGE8XQG2d2eWQflxblYC6LSHls=
github.com/NoSkillGirl/user-service v0.0.0-20191227114112-f5a12f983bab/go.mod h1:r4F3hkuOBbinIeaYwPhsviiaM293Xiq4hp9gTv1ktII=
github.com/NoSkillGirl/user-service v0.0.0-20191227115333-6a94413f0bda h1:6UB3Q5hYMBc80MQ2sZkqk6E9cgXG3f6LJV5eInk2g30=
github.com/NoSkillGirl/user-service v0.0.0-20191227115333-6a94413f0bda/go.mod h1:r4F3hkuOBbinIeaYwPhsviiaM293Xiq4hp9gTv1ktII=
github.com/NoSkillGirl/user-service v0.0.0-20191227132305-e882f341bd40 h1:eDIIDnvzIh/Jien+VjbOBPeJvjKpgdFryqjeLPlfAXM=
github.com/NoSkillGirl/user-service v0.0.0-20191227132305-e882f341bd40/go.mod h1:r4F3hkuOBbinIeaYwPhsviiaM293Xiq4hp9gTv1ktII=
github.com/NoSkillGirl/user-service v0.0.0-20191227134803-d7bcfa98cd85 h1:+N8ZJRL6Ff7CcIOA85gQO5Ax9+E3/8L42TQyvx4FprI=
github.com/NoSkillGirl/user-service v0.0.0-20191227134803-d7bcfa98cd85/go.mod h1:r4F3hkuOBbinIeaYwPhsviiaM293Xiq4hp9gTv1ktII=
github.com/NoSkillGirl/user-service v0.0.0-20191227140616-bf8a6475f7cc h1:eqqOvU2vi72McGbeMn7SLGfh/qHD0n3K6YuYqTLSX4E=
github.com/NoSkillGirl/user-service v0.0.0-20191227140616-bf8a6475f7cc/go.mod h1:r4F3hkuOBbinIeaYwPhsviiaM293Xiq4hp9gTv1ktII=
github.com/NoSkillGirl/user-service v0.0.0-20200107201306-964fd031825b h1:NiFhCfB6C6+jLWIOJlA7nLYJlBCirrhqRDjoSKvasHE=
github.com/NoSkillGirl/user-service v0.0.0-20200107201306-964fd031825b/go.mod h1:r4F3hkuOBbinIeaYwPhsviiaM293Xiq4hp9gTv1ktII=
github.com/alok87/goutils v0.0.0-20170710173822-29ef704e5505 h1:pAyqBjD+okJQK6F7u4DMY45oalMwRCqkt6r83H1fPSc=
github.com/alok87/goutils v0.0.0-20170710173822-29ef704e5505/go.mod h1:ar43zx6lJlbVp6G2xcCFbHZF2p3s2ME4PoxM/ADonDE=
github.com/go-sql-driver/mysql v1.4.1 h1:g24URVg0OFbNUTx9qqY1IRZ9D9z3iPyi5zKhQZpNwpA=
github.com/go-sql-driver/mysql v1.4.1/go.mod h1:zAC/RDZ24gD3HViQzih4MyKcchzm+sOG5ZlKdlhCg5w=
